{
  "version": 4,
  "terraform_version": "1.0.11",
  "serial": 11,
  "lineage": "d6a869e3-8748-0114-2330-c0b3bf22c26f",
  "outputs": {
    "arn": {
      "value": "arn:aws:sso:::instance/ssoins-8210c8e9462b45b7",
      "type": "string"
    },
    "identity_store_id": {
      "value": "d-966709b453",
      "type": "string"
    }
  },
  "resources": [
    {
      "mode": "data",
      "type": "aws_identitystore_group",
      "name": "COPS-GP",
      "provider": "provider[\"registry.terraform.io/hashicorp/aws\"]",
      "instances": [
        {
          "schema_version": 0,
          "attributes": {
            "display_name": "GG-APP-AWSMgmt-Okta-ECS",
            "filter": [
              {
                "attribute_path": "DisplayName",
                "attribute_value": "GG-APP-AWSMgmt-Okta-ECS"
              }
            ],
            "group_id": "966709b453-768684c9-afff-4bc7-b4fd-04032f3723c6",
            "id": "966709b453-768684c9-afff-4bc7-b4fd-04032f3723c6",
            "identity_store_id": "d-966709b453"
          },
          "sensitive_attributes": []
        }
      ]
    },
    {
      "mode": "data",
      "type": "aws_identitystore_group",
      "name": "DBA-GP",
      "provider": "provider[\"registry.terraform.io/hashicorp/aws\"]",
      "instances": [
        {
          "schema_version": 0,
          "attributes": {
            "display_name": "GG-APP-AWSMgmt-Okta-DBA",
            "filter": [
              {
                "attribute_path": "DisplayName",
                "attribute_value": "GG-APP-AWSMgmt-Okta-DBA"
              }
            ],
            "group_id": "966709b453-c65122da-b252-411a-aa24-99bd36202dc1",
            "id": "966709b453-c65122da-b252-411a-aa24-99bd36202dc1",
            "identity_store_id": "d-966709b453"
          },
          "sensitive_attributes": []
        }
      ]
    },
    {
      "mode": "data",
      "type": "aws_identitystore_group",
      "name": "InfraRead-GP",
      "provider": "provider[\"registry.terraform.io/hashicorp/aws\"]",
      "instances": [
        {
          "schema_version": 0,
          "attributes": {
            "display_name": "GG-APP-AWSMgmt-Okta-InfraRead",
            "filter": [
              {
                "attribute_path": "DisplayName",
                "attribute_value": "GG-APP-AWSMgmt-Okta-InfraRead"
              }
            ],
            "group_id": "966709b453-83d9ff36-5249-49ee-bd05-648e82babb63",
            "id": "966709b453-83d9ff36-5249-49ee-bd05-648e82babb63",
            "identity_store_id": "d-966709b453"
          },
          "sensitive_attributes": []
        }
      ]
    },
    {
      "mode": "data",
      "type": "aws_identitystore_group",
      "name": "NSP-GP",
      "provider": "provider[\"registry.terraform.io/hashicorp/aws\"]",
      "instances": [
        {
          "schema_version": 0,
          "attributes": {
            "display_name": "GG-APP-AWSMgmt-Okta-ENS",
            "filter": [
              {
                "attribute_path": "DisplayName",
                "attribute_value": "GG-APP-AWSMgmt-Okta-ENS"
              }
            ],
            "group_id": "966709b453-50d2047b-8645-4e4a-8199-71e399dd1acc",
            "id": "966709b453-50d2047b-8645-4e4a-8199-71e399dd1acc",
            "identity_store_id": "d-966709b453"
          },
          "sensitive_attributes": []
        }
      ]
    },
    {
      "mode": "data",
      "type": "aws_identitystore_group",
      "name": "SEC-GP",
      "provider": "provider[\"registry.terraform.io/hashicorp/aws\"]",
      "instances": [
        {
          "schema_version": 0,
          "attributes": {
            "display_name": "GG-APP-AWSMgmt-Okta-InfraSec",
            "filter": [
              {
                "attribute_path": "DisplayName",
                "attribute_value": "GG-APP-AWSMgmt-Okta-InfraSec"
              }
            ],
            "group_id": "966709b453-d1797377-3b91-4fcd-a35f-10a96a4439f4",
            "id": "966709b453-d1797377-3b91-4fcd-a35f-10a96a4439f4",
            "identity_store_id": "d-966709b453"
          },
          "sensitive_attributes": []
        }
      ]
    },
    {
      "mode": "data",
      "type": "aws_ssoadmin_instances",
      "name": "sso",
      "provider": "provider[\"registry.terraform.io/hashicorp/aws\"]",
      "instances": [
        {
          "schema_version": 0,
          "attributes": {
            "arns": [
              "arn:aws:sso:::instance/ssoins-8210c8e9462b45b7"
            ],
            "id": "ap-southeast-1",
            "identity_store_ids": [
              "d-966709b453"
            ]
          },
          "sensitive_attributes": []
        }
      ]
    },
    {
      "mode": "data",
      "type": "aws_ssoadmin_permission_set",
      "name": "COPS-PS",
      "provider": "provider[\"registry.terraform.io/hashicorp/aws\"]",
      "instances": [
        {
          "schema_version": 0,
          "attributes": {
            "arn": "arn:aws:sso:::permissionSet/ssoins-8210c8e9462b45b7/ps-b66125f1f8be853f",
            "created_date": "2022-03-27T05:11:30Z",
            "description": "",
            "id": "arn:aws:sso:::permissionSet/ssoins-8210c8e9462b45b7/ps-b66125f1f8be853f",
            "instance_arn": "arn:aws:sso:::instance/ssoins-8210c8e9462b45b7",
            "name": "AdministratorAccess",
            "relay_state": "",
            "session_duration": "PT1H",
            "tags": {}
          },
          "sensitive_attributes": []
        }
      ]
    },
    {
      "mode": "data",
      "type": "aws_ssoadmin_permission_set",
      "name": "DBA-PS",
      "provider": "provider[\"registry.terraform.io/hashicorp/aws\"]",
      "instances": [
        {
          "schema_version": 0,
          "attributes": {
            "arn": "arn:aws:sso:::permissionSet/ssoins-8210c8e9462b45b7/ps-f027b3b8afa187f8",
            "created_date": "2022-04-19T09:35:06Z",
            "description": "",
            "id": "arn:aws:sso:::permissionSet/ssoins-8210c8e9462b45b7/ps-f027b3b8afa187f8",
            "instance_arn": "arn:aws:sso:::instance/ssoins-8210c8e9462b45b7",
            "name": "DatabaseAdministrator",
            "relay_state": "",
            "session_duration": "PT1H",
            "tags": {}
          },
          "sensitive_attributes": []
        }
      ]
    },
    {
      "mode": "data",
      "type": "aws_ssoadmin_permission_set",
      "name": "InfraRead-PS",
      "provider": "provider[\"registry.terraform.io/hashicorp/aws\"]",
      "instances": [
        {
          "schema_version": 0,
          "attributes": {
            "arn": "arn:aws:sso:::permissionSet/ssoins-8210c8e9462b45b7/ps-24497b950c6a9c2d",
            "created_date": "2022-04-19T09:35:40Z",
            "description": "",
            "id": "arn:aws:sso:::permissionSet/ssoins-8210c8e9462b45b7/ps-24497b950c6a9c2d",
            "instance_arn": "arn:aws:sso:::instance/ssoins-8210c8e9462b45b7",
            "name": "ViewOnlyAccess",
            "relay_state": "",
            "session_duration": "PT1H",
            "tags": {}
          },
          "sensitive_attributes": []
        }
      ]
    },
    {
      "mode": "data",
      "type": "aws_ssoadmin_permission_set",
      "name": "NSP-PS",
      "provider": "provider[\"registry.terraform.io/hashicorp/aws\"]",
      "instances": [
        {
          "schema_version": 0,
          "attributes": {
            "arn": "arn:aws:sso:::permissionSet/ssoins-8210c8e9462b45b7/ps-fc1513ea9a735519",
            "created_date": "2022-04-19T10:34:21Z",
            "description": "",
            "id": "arn:aws:sso:::permissionSet/ssoins-8210c8e9462b45b7/ps-fc1513ea9a735519",
            "instance_arn": "arn:aws:sso:::instance/ssoins-8210c8e9462b45b7",
            "name": "NetworkAdministrator",
            "relay_state": "",
            "session_duration": "PT1H",
            "tags": {}
          },
          "sensitive_attributes": []
        }
      ]
    },
    {
      "mode": "data",
      "type": "aws_ssoadmin_permission_set",
      "name": "SEC-PS",
      "provider": "provider[\"registry.terraform.io/hashicorp/aws\"]",
      "instances": [
        {
          "schema_version": 0,
          "attributes": {
            "arn": "arn:aws:sso:::permissionSet/ssoins-8210c8e9462b45b7/ps-ba1d04465c58b05d",
            "created_date": "2022-04-19T09:35:25Z",
            "description": "",
            "id": "arn:aws:sso:::permissionSet/ssoins-8210c8e9462b45b7/ps-ba1d04465c58b05d",
            "instance_arn": "arn:aws:sso:::instance/ssoins-8210c8e9462b45b7",
            "name": "SecurityAudit",
            "relay_state": "",
            "session_duration": "PT1H",
            "tags": {}
          },
          "sensitive_attributes": []
        }
      ]
    },
    {
      "mode": "managed",
      "type": "aws_ssoadmin_account_assignment",
      "name": "sso1",
      "provider": "provider[\"registry.terraform.io/hashicorp/aws\"]",
      "instances": [
        {
          "schema_version": 0,
          "attributes": {
            "id": "966709b453-c65122da-b252-411a-aa24-99bd36202dc1,GROUP,095588260764,AWS_ACCOUNT,arn:aws:sso:::permissionSet/ssoins-8210c8e9462b45b7/ps-f027b3b8afa187f8,arn:aws:sso:::instance/ssoins-8210c8e9462b45b7",
            "instance_arn": "arn:aws:sso:::instance/ssoins-8210c8e9462b45b7",
            "permission_set_arn": "arn:aws:sso:::permissionSet/ssoins-8210c8e9462b45b7/ps-f027b3b8afa187f8",
            "principal_id": "966709b453-c65122da-b252-411a-aa24-99bd36202dc1",
            "principal_type": "GROUP",
            "target_id": "095588260764",
            "target_type": "AWS_ACCOUNT"
          },
          "sensitive_attributes": [],
          "private": "bnVsbA==",
          "dependencies": [
            "data.aws_identitystore_group.DBA-GP",
            "data.aws_ssoadmin_instances.sso",
            "data.aws_ssoadmin_permission_set.DBA-PS"
          ]
        }
      ]
    },
    {
      "mode": "managed",
      "type": "aws_ssoadmin_account_assignment",
      "name": "sso2",
      "provider": "provider[\"registry.terraform.io/hashicorp/aws\"]",
      "instances": [
        {
          "schema_version": 0,
          "attributes": {
            "id": "966709b453-768684c9-afff-4bc7-b4fd-04032f3723c6,GROUP,095588260764,AWS_ACCOUNT,arn:aws:sso:::permissionSet/ssoins-8210c8e9462b45b7/ps-b66125f1f8be853f,arn:aws:sso:::instance/ssoins-8210c8e9462b45b7",
            "instance_arn": "arn:aws:sso:::instance/ssoins-8210c8e9462b45b7",
            "permission_set_arn": "arn:aws:sso:::permissionSet/ssoins-8210c8e9462b45b7/ps-b66125f1f8be853f",
            "principal_id": "966709b453-768684c9-afff-4bc7-b4fd-04032f3723c6",
            "principal_type": "GROUP",
            "target_id": "095588260764",
            "target_type": "AWS_ACCOUNT"
          },
          "sensitive_attributes": [],
          "private": "bnVsbA==",
          "dependencies": [
            "data.aws_ssoadmin_instances.sso",
            "data.aws_ssoadmin_permission_set.COPS-PS",
            "data.aws_identitystore_group.COPS-GP"
          ]
        }
      ]
    },
    {
      "mode": "managed",
      "type": "aws_ssoadmin_account_assignment",
      "name": "sso3",
      "provider": "provider[\"registry.terraform.io/hashicorp/aws\"]",
      "instances": [
        {
          "schema_version": 0,
          "attributes": {
            "id": "966709b453-50d2047b-8645-4e4a-8199-71e399dd1acc,GROUP,095588260764,AWS_ACCOUNT,arn:aws:sso:::permissionSet/ssoins-8210c8e9462b45b7/ps-fc1513ea9a735519,arn:aws:sso:::instance/ssoins-8210c8e9462b45b7",
            "instance_arn": "arn:aws:sso:::instance/ssoins-8210c8e9462b45b7",
            "permission_set_arn": "arn:aws:sso:::permissionSet/ssoins-8210c8e9462b45b7/ps-fc1513ea9a735519",
            "principal_id": "966709b453-50d2047b-8645-4e4a-8199-71e399dd1acc",
            "principal_type": "GROUP",
            "target_id": "095588260764",
            "target_type": "AWS_ACCOUNT"
          },
          "sensitive_attributes": [],
          "private": "bnVsbA==",
          "dependencies": [
            "data.aws_identitystore_group.NSP-GP",
            "data.aws_ssoadmin_instances.sso",
            "data.aws_ssoadmin_permission_set.NSP-PS"
          ]
        }
      ]
    },
    {
      "mode": "managed",
      "type": "aws_ssoadmin_account_assignment",
      "name": "sso4",
      "provider": "provider[\"registry.terraform.io/hashicorp/aws\"]",
      "instances": [
        {
          "schema_version": 0,
          "attributes": {
            "id": "966709b453-83d9ff36-5249-49ee-bd05-648e82babb63,GROUP,095588260764,AWS_ACCOUNT,arn:aws:sso:::permissionSet/ssoins-8210c8e9462b45b7/ps-24497b950c6a9c2d,arn:aws:sso:::instance/ssoins-8210c8e9462b45b7",
            "instance_arn": "arn:aws:sso:::instance/ssoins-8210c8e9462b45b7",
            "permission_set_arn": "arn:aws:sso:::permissionSet/ssoins-8210c8e9462b45b7/ps-24497b950c6a9c2d",
            "principal_id": "966709b453-83d9ff36-5249-49ee-bd05-648e82babb63",
            "principal_type": "GROUP",
            "target_id": "095588260764",
            "target_type": "AWS_ACCOUNT"
          },
          "sensitive_attributes": [],
          "private": "bnVsbA==",
          "dependencies": [
            "data.aws_identitystore_group.InfraRead-GP",
            "data.aws_ssoadmin_permission_set.InfraRead-PS"
          ]
        }
      ]
    },
    {
      "mode": "managed",
      "type": "aws_ssoadmin_account_assignment",
      "name": "sso5",
      "provider": "provider[\"registry.terraform.io/hashicorp/aws\"]",
      "instances": [
        {
          "schema_version": 0,
          "attributes": {
            "id": "966709b453-d1797377-3b91-4fcd-a35f-10a96a4439f4,GROUP,095588260764,AWS_ACCOUNT,arn:aws:sso:::permissionSet/ssoins-8210c8e9462b45b7/ps-ba1d04465c58b05d,arn:aws:sso:::instance/ssoins-8210c8e9462b45b7",
            "instance_arn": "arn:aws:sso:::instance/ssoins-8210c8e9462b45b7",
            "permission_set_arn": "arn:aws:sso:::permissionSet/ssoins-8210c8e9462b45b7/ps-ba1d04465c58b05d",
            "principal_id": "966709b453-d1797377-3b91-4fcd-a35f-10a96a4439f4",
            "principal_type": "GROUP",
            "target_id": "095588260764",
            "target_type": "AWS_ACCOUNT"
          },
          "sensitive_attributes": [],
          "private": "bnVsbA==",
          "dependencies": [
            "data.aws_identitystore_group.SEC-GP",
            "data.aws_ssoadmin_permission_set.SEC-PS"
          ]
        }
      ]
    }
  ]
}
